
Microsoft Visual Studio Solution File, Format Version 12.00
# Visual Studio Version 17
VisualStudioVersion = 17.8.34408.163
MinimumVisualStudioVersion = 10.0.40219.1
Project("{FAE04EC0-301F-11D3-BF4B-00C04F79EFBC}") = "KotonohaAssistant.VoiceServer", "KotonohaAssistant.VoiceServer\KotonohaAssistant.VoiceServer.csproj", "{B9A033F0-8C8C-4DE0-832D-BA10BD05A4D1}"
EndProject
Project("{9A19103F-16F7-4668-BE54-9A1E7A4F7556}") = "KotonohaAssistant.Core", "KotonohaAssistant.Core\KotonohaAssistant.Core.csproj", "{F4A07925-FA45-404E-AF02-E6C1699944D3}"
EndProject
Project("{9A19103F-16F7-4668-BE54-9A1E7A4F7556}") = "KotonohaAssistant.AI", "KotonohaAssistant.AI\KotonohaAssistant.AI.csproj", "{DD2BA80A-D6E6-42F0-8533-5284AAFD68CE}"
EndProject
Project("{FAE04EC0-301F-11D3-BF4B-00C04F79EFBC}") = "KotonohaAssistant.Cli", "KotonohaAssistant.Cli\KotonohaAssistant.Cli.csproj", "{51A62A63-6D7D-43DE-9EDE-0E10133CD61A}"
EndProject
Project("{FAE04EC0-301F-11D3-BF4B-00C04F79EFBC}") = "KotonohaAssistant.CharacterView", "KotonohaAssistant.CharacterView\KotonohaAssistant.CharacterView.csproj", "{F5AD1CA9-5C8B-47D9-9A53-0C34EB785D97}"
EndProject
Project("{FAE04EC0-301F-11D3-BF4B-00C04F79EFBC}") = "KotonohaAssistant.Alarm", "KotonohaAssistant.Alarm\KotonohaAssistant.Alarm.csproj", "{C7CDDA50-1DDD-44E7-9955-5A431924FD48}"
EndProject
Project("{FAE04EC0-301F-11D3-BF4B-00C04F79EFBC}") = "KotonohaAssistant.Vui", "KotonohaAssistant.Vui\KotonohaAssistant.Vui.csproj", "{A48CA373-9397-B617-DB03-4B746942E1C6}"
EndProject
Project("{2150E333-8FDC-42A3-9474-1A3956D46DE8}") = "ソリューション項目", "ソリューション項目", "{2022CB0F-8BAF-F49E-0C48-8EF4C96EC109}"
	ProjectSection(SolutionItems) = preProject
		prompts\system_akane.md = prompts\system_akane.md
		prompts\system_aoi.md = prompts\system_aoi.md
		prompts\tool_call_master.md = prompts\tool_call_master.md
		prompts\tool_create_calendar_event.md = prompts\tool_create_calendar_event.md
		prompts\tool_forget_memory.md = prompts\tool_forget_memory.md
		prompts\tool_get_calendar_event.md = prompts\tool_get_calendar_event.md
		prompts\tool_get_weather.md = prompts\tool_get_weather.md
		prompts\tool_start_timer.md = prompts\tool_start_timer.md
		prompts\tool_stop_alarm.md = prompts\tool_stop_alarm.md
		prompts\tool_stop_timer.md = prompts\tool_stop_timer.md
	EndProjectSection
EndProject
Global
	GlobalSection(SolutionConfigurationPlatforms) = preSolution
		Debug|Any CPU = Debug|Any CPU
		Release|Any CPU = Release|Any CPU
	EndGlobalSection
	GlobalSection(ProjectConfigurationPlatforms) = postSolution
		{B9A033F0-8C8C-4DE0-832D-BA10BD05A4D1}.Debug|Any CPU.ActiveCfg = Debug|Any CPU
		{B9A033F0-8C8C-4DE0-832D-BA10BD05A4D1}.Debug|Any CPU.Build.0 = Debug|Any CPU
		{B9A033F0-8C8C-4DE0-832D-BA10BD05A4D1}.Release|Any CPU.ActiveCfg = Release|Any CPU
		{B9A033F0-8C8C-4DE0-832D-BA10BD05A4D1}.Release|Any CPU.Build.0 = Release|Any CPU
		{F4A07925-FA45-404E-AF02-E6C1699944D3}.Debug|Any CPU.ActiveCfg = Debug|Any CPU
		{F4A07925-FA45-404E-AF02-E6C1699944D3}.Debug|Any CPU.Build.0 = Debug|Any CPU
		{F4A07925-FA45-404E-AF02-E6C1699944D3}.Release|Any CPU.ActiveCfg = Release|Any CPU
		{F4A07925-FA45-404E-AF02-E6C1699944D3}.Release|Any CPU.Build.0 = Release|Any CPU
		{DD2BA80A-D6E6-42F0-8533-5284AAFD68CE}.Debug|Any CPU.ActiveCfg = Debug|Any CPU
		{DD2BA80A-D6E6-42F0-8533-5284AAFD68CE}.Debug|Any CPU.Build.0 = Debug|Any CPU
		{DD2BA80A-D6E6-42F0-8533-5284AAFD68CE}.Release|Any CPU.ActiveCfg = Release|Any CPU
		{DD2BA80A-D6E6-42F0-8533-5284AAFD68CE}.Release|Any CPU.Build.0 = Release|Any CPU
		{51A62A63-6D7D-43DE-9EDE-0E10133CD61A}.Debug|Any CPU.ActiveCfg = Debug|Any CPU
		{51A62A63-6D7D-43DE-9EDE-0E10133CD61A}.Debug|Any CPU.Build.0 = Debug|Any CPU
		{51A62A63-6D7D-43DE-9EDE-0E10133CD61A}.Release|Any CPU.ActiveCfg = Release|Any CPU
		{51A62A63-6D7D-43DE-9EDE-0E10133CD61A}.Release|Any CPU.Build.0 = Release|Any CPU
		{F5AD1CA9-5C8B-47D9-9A53-0C34EB785D97}.Debug|Any CPU.ActiveCfg = Debug|Any CPU
		{F5AD1CA9-5C8B-47D9-9A53-0C34EB785D97}.Debug|Any CPU.Build.0 = Debug|Any CPU
		{F5AD1CA9-5C8B-47D9-9A53-0C34EB785D97}.Release|Any CPU.ActiveCfg = Release|Any CPU
		{F5AD1CA9-5C8B-47D9-9A53-0C34EB785D97}.Release|Any CPU.Build.0 = Release|Any CPU
		{C7CDDA50-1DDD-44E7-9955-5A431924FD48}.Debug|Any CPU.ActiveCfg = Debug|Any CPU
		{C7CDDA50-1DDD-44E7-9955-5A431924FD48}.Debug|Any CPU.Build.0 = Debug|Any CPU
		{C7CDDA50-1DDD-44E7-9955-5A431924FD48}.Release|Any CPU.ActiveCfg = Release|Any CPU
		{C7CDDA50-1DDD-44E7-9955-5A431924FD48}.Release|Any CPU.Build.0 = Release|Any CPU
		{A48CA373-9397-B617-DB03-4B746942E1C6}.Debug|Any CPU.ActiveCfg = Debug|Any CPU
		{A48CA373-9397-B617-DB03-4B746942E1C6}.Debug|Any CPU.Build.0 = Debug|Any CPU
		{A48CA373-9397-B617-DB03-4B746942E1C6}.Release|Any CPU.ActiveCfg = Release|Any CPU
		{A48CA373-9397-B617-DB03-4B746942E1C6}.Release|Any CPU.Build.0 = Release|Any CPU
	EndGlobalSection
	GlobalSection(SolutionProperties) = preSolution
		HideSolutionNode = FALSE
	EndGlobalSection
	GlobalSection(ExtensibilityGlobals) = postSolution
		SolutionGuid = {992F7918-FB46-4DC1-86E1-56915468248B}
	EndGlobalSection
EndGlobal
